
Microsoft Visual Studio Solution File, Format Version 12.00
# Visual Studio Version 17
VisualStudioVersion = 17.7.34221.43
MinimumVisualStudioVersion = 10.0.40219.1
Project("{FAE04EC0-301F-11D3-BF4B-00C04F79EFBC}") = "Assignment", "Assignment\Assignment.csproj", "{0A3A2420-9A70-4231-9ED4-57E6439F5284}"
EndProject
Global
	GlobalSection(SolutionConfigurationPlatforms) = preSolution
		Debug|Any CPU = Debug|Any CPU
		Release|Any CPU = Release|Any CPU
	EndGlobalSection
	GlobalSection(ProjectConfigurationPlatforms) = postSolution
		{0A3A2420-9A70-4231-9ED4-57E6439F5284}.Debug|Any CPU.ActiveCfg = Debug|Any CPU
		{0A3A2420-9A70-4231-9ED4-57E6439F5284}.Debug|Any CPU.Build.0 = Debug|Any CPU
		{0A3A2420-9A70-4231-9ED4-57E6439F5284}.Release|Any CPU.ActiveCfg = Release|Any CPU
		{0A3A2420-9A70-4231-9ED4-57E6439F5284}.Release|Any CPU.Build.0 = Release|Any CPU
	EndGlobalSection
	GlobalSection(SolutionProperties) = preSolution
		HideSolutionNode = FALSE
	EndGlobalSection
	GlobalSection(ExtensibilityGlobals) = postSolution
		SolutionGuid = {E7EC31DD-9A08-4D24-B709-8151168E2987}
	EndGlobalSection
EndGlobal
